
Microsoft Visual Studio Solution File, Format Version 12.00
# Visual Studio Version 16
VisualStudioVersion = 16.0.810.13
MinimumVisualStudioVersion = 10.0.40219.1
Project("{FAE04EC0-301F-11D3-BF4B-00C04F79EFBC}") = "Quote", "Quote\Quote.csproj", "{34CAAB09-90A4-4510-9403-D31598AB725E}"
EndProject
Global
	GlobalSection(SolutionConfigurationPlatforms) = preSolution
		Debug|Any CPU = Debug|Any CPU
		Release|Any CPU = Release|Any CPU
	EndGlobalSection
	GlobalSection(ProjectConfigurationPlatforms) = postSolution
		{34CAAB09-90A4-4510-9403-D31598AB725E}.Debug|Any CPU.ActiveCfg = Debug|Any CPU
		{34CAAB09-90A4-4510-9403-D31598AB725E}.Debug|Any CPU.Build.0 = Debug|Any CPU
		{34CAAB09-90A4-4510-9403-D31598AB725E}.Release|Any CPU.ActiveCfg = Release|Any CPU
		{34CAAB09-90A4-4510-9403-D31598AB725E}.Release|Any CPU.Build.0 = Release|Any CPU
	EndGlobalSection
	GlobalSection(SolutionProperties) = preSolution
		HideSolutionNode = FALSE
	EndGlobalSection
	GlobalSection(ExtensibilityGlobals) = postSolution
		SolutionGuid = {3FA5E9FE-69D2-4A96-BCB7-273F4B41A6C9}
	EndGlobalSection
EndGlobal
